
Microsoft Visual Studio Solution File, Format Version 12.00
# Visual Studio Version 17
VisualStudioVersion = 17.0.31903.59
MinimumVisualStudioVersion = 10.0.40219.1
Project("{2150E333-8FDC-42A3-9474-1A3956D46DE8}") = "src", "src", "{26063B02-0382-4B6F-A424-D0243FD10702}"
EndProject
Project("{FAE04EC0-301F-11D3-BF4B-00C04F79EFBC}") = "OpenDocEditor.Core", "src\OpenDocEditor.Core\OpenDocEditor.Core.csproj", "{EC2001A8-9B30-44DF-ADE3-6E94F4BAF103}"
EndProject
Project("{FAE04EC0-301F-11D3-BF4B-00C04F79EFBC}") = "OpenDocEditor.App", "src\OpenDocEditor.App\OpenDocEditor.App.csproj", "{C18B50CE-EBBF-4CEA-B142-E3A63C4992F1}"
EndProject
Global
	GlobalSection(SolutionConfigurationPlatforms) = preSolution
		Debug|Any CPU = Debug|Any CPU
		Release|Any CPU = Release|Any CPU
	EndGlobalSection
	GlobalSection(SolutionProperties) = preSolution
		HideSolutionNode = FALSE
	EndGlobalSection
	GlobalSection(ProjectConfigurationPlatforms) = postSolution
		{EC2001A8-9B30-44DF-ADE3-6E94F4BAF103}.Debug|Any CPU.ActiveCfg = Debug|Any CPU
		{EC2001A8-9B30-44DF-ADE3-6E94F4BAF103}.Debug|Any CPU.Build.0 = Debug|Any CPU
		{EC2001A8-9B30-44DF-ADE3-6E94F4BAF103}.Release|Any CPU.ActiveCfg = Release|Any CPU
		{EC2001A8-9B30-44DF-ADE3-6E94F4BAF103}.Release|Any CPU.Build.0 = Release|Any CPU
		{C18B50CE-EBBF-4CEA-B142-E3A63C4992F1}.Debug|Any CPU.ActiveCfg = Debug|Any CPU
		{C18B50CE-EBBF-4CEA-B142-E3A63C4992F1}.Debug|Any CPU.Build.0 = Debug|Any CPU
		{C18B50CE-EBBF-4CEA-B142-E3A63C4992F1}.Release|Any CPU.ActiveCfg = Release|Any CPU
		{C18B50CE-EBBF-4CEA-B142-E3A63C4992F1}.Release|Any CPU.Build.0 = Release|Any CPU
	EndGlobalSection
	GlobalSection(NestedProjects) = preSolution
		{EC2001A8-9B30-44DF-ADE3-6E94F4BAF103} = {26063B02-0382-4B6F-A424-D0243FD10702}
		{C18B50CE-EBBF-4CEA-B142-E3A63C4992F1} = {26063B02-0382-4B6F-A424-D0243FD10702}
	EndGlobalSection
EndGlobal
